{
  "name": "myproject",
  "version": "1.0.0",
  "lockfileVersion": 1,
  "requires": true,
  "dependencies": {
    "fs-js": {
      "version": "1.0.6",
      "resolved": "https://registry.npmjs.org/fs-js/-/fs-js-1.0.6.tgz",
      "integrity": "sha1-/3FSECh4E5PGfeqJGog6vgShAKw=",
      "dev": true
    }
  }
}
